
Microsoft Visual Studio Solution File, Format Version 12.00
# Visual Studio Version 17
VisualStudioVersion = 17.0.31903.59
MinimumVisualStudioVersion = 10.0.40219.1
Project("{2150E333-8FDC-42A3-9474-1A3956D46DE8}") = "src", "src", "{827E0CD3-B72D-47B6-A68D-7590B98EB39B}"
EndProject
Project("{FAE04EC0-301F-11D3-BF4B-00C04F79EFBC}") = "Cardryft.App", "src\Cardryft.App\Cardryft.App.csproj", "{9C0673C7-2608-4620-8F19-5BF79E95DB6B}"
EndProject
Project("{FAE04EC0-301F-11D3-BF4B-00C04F79EFBC}") = "Cardryft.Core", "src\Cardryft.Core\Cardryft.Core.csproj", "{7DDD7905-9087-455E-88DB-7BFFEF403B2B}"
EndProject
Project("{FAE04EC0-301F-11D3-BF4B-00C04F79EFBC}") = "Cardryft.Imaging", "src\Cardryft.Imaging\Cardryft.Imaging.csproj", "{BAB9116E-BCC9-4A79-92CC-8343B1554CE0}"
EndProject
Project("{FAE04EC0-301F-11D3-BF4B-00C04F79EFBC}") = "Cardryft.Device", "src\Cardryft.Device\Cardryft.Device.csproj", "{C466C27C-90EB-44CC-B70E-EF0DCB427176}"
EndProject
Project("{FAE04EC0-301F-11D3-BF4B-00C04F79EFBC}") = "Cardryft.Wallet", "src\Cardryft.Wallet\Cardryft.Wallet.csproj", "{3CF2863C-BB00-45C1-84AC-78042499680A}"
EndProject
Project("{FAE04EC0-301F-11D3-BF4B-00C04F79EFBC}") = "Cardryft.Storage", "src\Cardryft.Storage\Cardryft.Storage.csproj", "{DF903CE2-43F7-4753-93C3-2B0AFC43955E}"
EndProject
Project("{2150E333-8FDC-42A3-9474-1A3956D46DE8}") = "tests", "tests", "{0AB3BF05-4346-4AA6-1389-037BE0695223}"
EndProject
Project("{FAE04EC0-301F-11D3-BF4B-00C04F79EFBC}") = "Cardryft.Tests", "tests\Cardryft.Tests\Cardryft.Tests.csproj", "{F5AA21E2-CB35-4751-B7B7-DEA8978205EA}"
EndProject
Global
	GlobalSection(SolutionConfigurationPlatforms) = preSolution
		Debug|Any CPU = Debug|Any CPU
		Debug|x64 = Debug|x64
		Debug|x86 = Debug|x86
		Release|Any CPU = Release|Any CPU
		Release|x64 = Release|x64
		Release|x86 = Release|x86
	EndGlobalSection
	GlobalSection(ProjectConfigurationPlatforms) = postSolution
		{9C0673C7-2608-4620-8F19-5BF79E95DB6B}.Debug|Any CPU.ActiveCfg = Debug|Any CPU
		{9C0673C7-2608-4620-8F19-5BF79E95DB6B}.Debug|Any CPU.Build.0 = Debug|Any CPU
		{9C0673C7-2608-4620-8F19-5BF79E95DB6B}.Debug|x64.ActiveCfg = Debug|Any CPU
		{9C0673C7-2608-4620-8F19-5BF79E95DB6B}.Debug|x64.Build.0 = Debug|Any CPU
		{9C0673C7-2608-4620-8F19-5BF79E95DB6B}.Debug|x86.ActiveCfg = Debug|Any CPU
		{9C0673C7-2608-4620-8F19-5BF79E95DB6B}.Debug|x86.Build.0 = Debug|Any CPU
		{9C0673C7-2608-4620-8F19-5BF79E95DB6B}.Release|Any CPU.ActiveCfg = Release|Any CPU
		{9C0673C7-2608-4620-8F19-5BF79E95DB6B}.Release|Any CPU.Build.0 = Release|Any CPU
		{9C0673C7-2608-4620-8F19-5BF79E95DB6B}.Release|x64.ActiveCfg = Release|Any CPU
		{9C0673C7-2608-4620-8F19-5BF79E95DB6B}.Release|x64.Build.0 = Release|Any CPU
		{9C0673C7-2608-4620-8F19-5BF79E95DB6B}.Release|x86.ActiveCfg = Release|Any CPU
		{9C0673C7-2608-4620-8F19-5BF79E95DB6B}.Release|x86.Build.0 = Release|Any CPU
		{7DDD7905-9087-455E-88DB-7BFFEF403B2B}.Debug|Any CPU.ActiveCfg = Debug|Any CPU
		{7DDD7905-9087-455E-88DB-7BFFEF403B2B}.Debug|Any CPU.Build.0 = Debug|Any CPU
		{7DDD7905-9087-455E-88DB-7BFFEF403B2B}.Debug|x64.ActiveCfg = Debug|Any CPU
		{7DDD7905-9087-455E-88DB-7BFFEF403B2B}.Debug|x64.Build.0 = Debug|Any CPU
		{7DDD7905-9087-455E-88DB-7BFFEF403B2B}.Debug|x86.ActiveCfg = Debug|Any CPU
		{7DDD7905-9087-455E-88DB-7BFFEF403B2B}.Debug|x86.Build.0 = Debug|Any CPU
		{7DDD7905-9087-455E-88DB-7BFFEF403B2B}.Release|Any CPU.ActiveCfg = Release|Any CPU
		{7DDD7905-9087-455E-88DB-7BFFEF403B2B}.Release|Any CPU.Build.0 = Release|Any CPU
		{7DDD7905-9087-455E-88DB-7BFFEF403B2B}.Release|x64.ActiveCfg = Release|Any CPU
		{7DDD7905-9087-455E-88DB-7BFFEF403B2B}.Release|x64.Build.0 = Release|Any CPU
		{7DDD7905-9087-455E-88DB-7BFFEF403B2B}.Release|x86.ActiveCfg = Release|Any CPU
		{7DDD7905-9087-455E-88DB-7BFFEF403B2B}.Release|x86.Build.0 = Release|Any CPU
		{BAB9116E-BCC9-4A79-92CC-8343B1554CE0}.Debug|Any CPU.ActiveCfg = Debug|Any CPU
		{BAB9116E-BCC9-4A79-92CC-8343B1554CE0}.Debug|Any CPU.Build.0 = Debug|Any CPU
		{BAB9116E-BCC9-4A79-92CC-8343B1554CE0}.Debug|x64.ActiveCfg = Debug|Any CPU
		{BAB9116E-BCC9-4A79-92CC-8343B1554CE0}.Debug|x64.Build.0 = Debug|Any CPU
		{BAB9116E-BCC9-4A79-92CC-8343B1554CE0}.Debug|x86.ActiveCfg = Debug|Any CPU
		{BAB9116E-BCC9-4A79-92CC-8343B1554CE0}.Debug|x86.Build.0 = Debug|Any CPU
		{BAB9116E-BCC9-4A79-92CC-8343B1554CE0}.Release|Any CPU.ActiveCfg = Release|Any CPU
		{BAB9116E-BCC9-4A79-92CC-8343B1554CE0}.Release|Any CPU.Build.0 = Release|Any CPU
		{BAB9116E-BCC9-4A79-92CC-8343B1554CE0}.Release|x64.ActiveCfg = Release|Any CPU
		{BAB9116E-BCC9-4A79-92CC-8343B1554CE0}.Release|x64.Build.0 = Release|Any CPU
		{BAB9116E-BCC9-4A79-92CC-8343B1554CE0}.Release|x86.ActiveCfg = Release|Any CPU
		{BAB9116E-BCC9-4A79-92CC-8343B1554CE0}.Release|x86.Build.0 = Release|Any CPU
		{C466C27C-90EB-44CC-B70E-EF0DCB427176}.Debug|Any CPU.ActiveCfg = Debug|Any CPU
		{C466C27C-90EB-44CC-B70E-EF0DCB427176}.Debug|Any CPU.Build.0 = Debug|Any CPU
		{C466C27C-90EB-44CC-B70E-EF0DCB427176}.Debug|x64.ActiveCfg = Debug|Any CPU
		{C466C27C-90EB-44CC-B70E-EF0DCB427176}.Debug|x64.Build.0 = Debug|Any CPU
		{C466C27C-90EB-44CC-B70E-EF0DCB427176}.Debug|x86.ActiveCfg = Debug|Any CPU
		{C466C27C-90EB-44CC-B70E-EF0DCB427176}.Debug|x86.Build.0 = Debug|Any CPU
		{C466C27C-90EB-44CC-B70E-EF0DCB427176}.Release|Any CPU.ActiveCfg = Release|Any CPU
		{C466C27C-90EB-44CC-B70E-EF0DCB427176}.Release|Any CPU.Build.0 = Release|Any CPU
		{C466C27C-90EB-44CC-B70E-EF0DCB427176}.Release|x64.ActiveCfg = Release|Any CPU
		{C466C27C-90EB-44CC-B70E-EF0DCB427176}.Release|x64.Build.0 = Release|Any CPU
		{C466C27C-90EB-44CC-B70E-EF0DCB427176}.Release|x86.ActiveCfg = Release|Any CPU
		{C466C27C-90EB-44CC-B70E-EF0DCB427176}.Release|x86.Build.0 = Release|Any CPU
		{3CF2863C-BB00-45C1-84AC-78042499680A}.Debug|Any CPU.ActiveCfg = Debug|Any CPU
		{3CF2863C-BB00-45C1-84AC-78042499680A}.Debug|Any CPU.Build.0 = Debug|Any CPU
		{3CF2863C-BB00-45C1-84AC-78042499680A}.Debug|x64.ActiveCfg = Debug|Any CPU
		{3CF2863C-BB00-45C1-84AC-78042499680A}.Debug|x64.Build.0 = Debug|Any CPU
		{3CF2863C-BB00-45C1-84AC-78042499680A}.Debug|x86.ActiveCfg = Debug|Any CPU
		{3CF2863C-BB00-45C1-84AC-78042499680A}.Debug|x86.Build.0 = Debug|Any CPU
		{3CF2863C-BB00-45C1-84AC-78042499680A}.Release|Any CPU.ActiveCfg = Release|Any CPU
		{3CF2863C-BB00-45C1-84AC-78042499680A}.Release|Any CPU.Build.0 = Release|Any CPU
		{3CF2863C-BB00-45C1-84AC-78042499680A}.Release|x64.ActiveCfg = Release|Any CPU
		{3CF2863C-BB00-45C1-84AC-78042499680A}.Release|x64.Build.0 = Release|Any CPU
		{3CF2863C-BB00-45C1-84AC-78042499680A}.Release|x86.ActiveCfg = Release|Any CPU
		{3CF2863C-BB00-45C1-84AC-78042499680A}.Release|x86.Build.0 = Release|Any CPU
		{DF903CE2-43F7-4753-93C3-2B0AFC43955E}.Debug|Any CPU.ActiveCfg = Debug|Any CPU
		{DF903CE2-43F7-4753-93C3-2B0AFC43955E}.Debug|Any CPU.Build.0 = Debug|Any CPU
		{DF903CE2-43F7-4753-93C3-2B0AFC43955E}.Debug|x64.ActiveCfg = Debug|Any CPU
		{DF903CE2-43F7-4753-93C3-2B0AFC43955E}.Debug|x64.Build.0 = Debug|Any CPU
		{DF903CE2-43F7-4753-93C3-2B0AFC43955E}.Debug|x86.ActiveCfg = Debug|Any CPU
		{DF903CE2-43F7-4753-93C3-2B0AFC43955E}.Debug|x86.Build.0 = Debug|Any CPU
		{DF903CE2-43F7-4753-93C3-2B0AFC43955E}.Release|Any CPU.ActiveCfg = Release|Any CPU
		{DF903CE2-43F7-4753-93C3-2B0AFC43955E}.Release|Any CPU.Build.0 = Release|Any CPU
		{DF903CE2-43F7-4753-93C3-2B0AFC43955E}.Release|x64.ActiveCfg = Release|Any CPU
		{DF903CE2-43F7-4753-93C3-2B0AFC43955E}.Release|x64.Build.0 = Release|Any CPU
		{DF903CE2-43F7-4753-93C3-2B0AFC43955E}.Release|x86.ActiveCfg = Release|Any CPU
		{DF903CE2-43F7-4753-93C3-2B0AFC43955E}.Release|x86.Build.0 = Release|Any CPU
		{F5AA21E2-CB35-4751-B7B7-DEA8978205EA}.Debug|Any CPU.ActiveCfg = Debug|Any CPU
		{F5AA21E2-CB35-4751-B7B7-DEA8978205EA}.Debug|Any CPU.Build.0 = Debug|Any CPU
		{F5AA21E2-CB35-4751-B7B7-DEA8978205EA}.Debug|x64.ActiveCfg = Debug|Any CPU
		{F5AA21E2-CB35-4751-B7B7-DEA8978205EA}.Debug|x64.Build.0 = Debug|Any CPU
		{F5AA21E2-CB35-4751-B7B7-DEA8978205EA}.Debug|x86.ActiveCfg = Debug|Any CPU
		{F5AA21E2-CB35-4751-B7B7-DEA8978205EA}.Debug|x86.Build.0 = Debug|Any CPU
		{F5AA21E2-CB35-4751-B7B7-DEA8978205EA}.Release|Any CPU.ActiveCfg = Release|Any CPU
		{F5AA21E2-CB35-4751-B7B7-DEA8978205EA}.Release|Any CPU.Build.0 = Release|Any CPU
		{F5AA21E2-CB35-4751-B7B7-DEA8978205EA}.Release|x64.ActiveCfg = Release|Any CPU
		{F5AA21E2-CB35-4751-B7B7-DEA8978205EA}.Release|x64.Build.0 = Release|Any CPU
		{F5AA21E2-CB35-4751-B7B7-DEA8978205EA}.Release|x86.ActiveCfg = Release|Any CPU
		{F5AA21E2-CB35-4751-B7B7-DEA8978205EA}.Release|x86.Build.0 = Release|Any CPU
	EndGlobalSection
	GlobalSection(SolutionProperties) = preSolution
		HideSolutionNode = FALSE
	EndGlobalSection
	GlobalSection(NestedProjects) = preSolution
		{9C0673C7-2608-4620-8F19-5BF79E95DB6B} = {827E0CD3-B72D-47B6-A68D-7590B98EB39B}
		{7DDD7905-9087-455E-88DB-7BFFEF403B2B} = {827E0CD3-B72D-47B6-A68D-7590B98EB39B}
		{BAB9116E-BCC9-4A79-92CC-8343B1554CE0} = {827E0CD3-B72D-47B6-A68D-7590B98EB39B}
		{C466C27C-90EB-44CC-B70E-EF0DCB427176} = {827E0CD3-B72D-47B6-A68D-7590B98EB39B}
		{3CF2863C-BB00-45C1-84AC-78042499680A} = {827E0CD3-B72D-47B6-A68D-7590B98EB39B}
		{DF903CE2-43F7-4753-93C3-2B0AFC43955E} = {827E0CD3-B72D-47B6-A68D-7590B98EB39B}
		{F5AA21E2-CB35-4751-B7B7-DEA8978205EA} = {0AB3BF05-4346-4AA6-1389-037BE0695223}
	EndGlobalSection
EndGlobal
